{
  "name": "claudiaapi",
  "version": "1.0.0",
  "lockfileVersion": 1,
  "requires": true,
  "dependencies": {
    "claudia-api-builder": {
      "version": "2.5.1",
      "resolved": "https://registry.npmjs.org/claudia-api-builder/-/claudia-api-builder-2.5.1.tgz",
      "integrity": "sha1-DD+9aXHbicSgx9Hph09Q9a1w2xY="
    }
  }
}
